
Microsoft Visual Studio Solution File, Format Version 12.00
# Visual Studio Version 16
VisualStudioVersion = 16.0.32126.315
MinimumVisualStudioVersion = 10.0.40219.1
Project("{FAE04EC0-301F-11D3-BF4B-00C04F79EFBC}") = "HungHaStore", "HungHaStore\HungHaStore.csproj", "{F91D7A61-6AC4-4A65-BED5-DE3BAE356CBC}"
EndProject
Global
	GlobalSection(SolutionConfigurationPlatforms) = preSolution
		Debug|Any CPU = Debug|Any CPU
		Release|Any CPU = Release|Any CPU
	EndGlobalSection
	GlobalSection(ProjectConfigurationPlatforms) = postSolution
		{F91D7A61-6AC4-4A65-BED5-DE3BAE356CBC}.Debug|Any CPU.ActiveCfg = Debug|Any CPU
		{F91D7A61-6AC4-4A65-BED5-DE3BAE356CBC}.Debug|Any CPU.Build.0 = Debug|Any CPU
		{F91D7A61-6AC4-4A65-BED5-DE3BAE356CBC}.Release|Any CPU.ActiveCfg = Release|Any CPU
		{F91D7A61-6AC4-4A65-BED5-DE3BAE356CBC}.Release|Any CPU.Build.0 = Release|Any CPU
	EndGlobalSection
	GlobalSection(SolutionProperties) = preSolution
		HideSolutionNode = FALSE
	EndGlobalSection
	GlobalSection(ExtensibilityGlobals) = postSolution
		SolutionGuid = {1C3A1072-410E-4133-99B6-30A8348FD221}
	EndGlobalSection
EndGlobal
